// !$*UTF8*$!
{
	archiveVersion = 1;
	classes = {
	};
	objectVersion = 55;
	objects = {

/* Begin PBXBuildFile section */
		3628AF6F289FF9C500F95C07 /* ActivityPreviewPage.swift in Sources */ = {isa = PBXBuildFile; fileRef = 3628AF6E289FF9C500F95C07 /* ActivityPreviewPage.swift */; };
		3628AF71289FFAD800F95C07 /* AddActivityPage.swift in Sources */ = {isa = PBXBuildFile; fileRef = 3628AF70289FFAD800F95C07 /* AddActivityPage.swift */; };
		36EA84B5289D21280024EA89 /* AddTaskCoredataApp.swift in Sources */ = {isa = PBXBuildFile; fileRef = 36EA84B4289D21280024EA89 /* AddTaskCoredataApp.swift */; };
		36EA84B7289D21280024EA89 /* ContentView.swift in Sources */ = {isa = PBXBuildFile; fileRef = 36EA84B6289D21280024EA89 /* ContentView.swift */; };
		36EA84B9289D212A0024EA89 /* Assets.xcassets in Resources */ = {isa = PBXBuildFile; fileRef = 36EA84B8289D212A0024EA89 /* Assets.xcassets */; };
		36EA84BC289D212A0024EA89 /* Preview Assets.xcassets in Resources */ = {isa = PBXBuildFile; fileRef = 36EA84BB289D212A0024EA89 /* Preview Assets.xcassets */; };
		36EA84BE289D212A0024EA89 /* Persistence.swift in Sources */ = {isa = PBXBuildFile; fileRef = 36EA84BD289D212A0024EA89 /* Persistence.swift */; };
		36EA84C1289D212A0024EA89 /* AddTaskCoredata.xcdatamodeld in Sources */ = {isa = PBXBuildFile; fileRef = 36EA84BF289D212A0024EA89 /* AddTaskCoredata.xcdatamodeld */; };
		36EA84C9289D7BCC0024EA89 /* Activities+CoreDataClass.swift in Sources */ = {isa = PBXBuildFile; fileRef = 36EA84C7289D7BCC0024EA89 /* Activities+CoreDataClass.swift */; };
		36EA84CA289D7BCC0024EA89 /* Activities+CoreDataProperties.swift in Sources */ = {isa = PBXBuildFile; fileRef = 36EA84C8289D7BCC0024EA89 /* Activities+CoreDataProperties.swift */; };
/* End PBXBuildFile section */

/* Begin PBXFileReference section */
		3628AF6E289FF9C500F95C07 /* ActivityPreviewPage.swift */ = {isa = PBXFileReference; lastKnownFileType = sourcecode.swift; path = ActivityPreviewPage.swift; sourceTree = "<group>"; };
		3628AF70289FFAD800F95C07 /* AddActivityPage.swift */ = {isa = PBXFileReference; lastKnownFileType = sourcecode.swift; path = AddActivityPage.swift; sourceTree = "<group>"; };
		36EA84B1289D21280024EA89 /* AddTaskCoredata.app */ = {isa = PBXFileReference; explicitFileType = wrapper.application; includeInIndex = 0; path = AddTaskCoredata.app; sourceTree = BUILT_PRODUCTS_DIR; };
		36EA84B4289D21280024EA89 /* AddTaskCoredataApp.swift */ = {isa = PBXFileReference; lastKnownFileType = sourcecode.swift; path = AddTaskCoredataApp.swift; sourceTree = "<group>"; };
		36EA84B6289D21280024EA89 /* ContentView.swift */ = {isa = PBXFileReference; lastKnownFileType = sourcecode.swift; path = ContentView.swift; sourceTree = "<group>"; };
		36EA84B8289D212A0024EA89 /* Assets.xcassets */ = {isa = PBXFileReference; lastKnownFileType = folder.assetcatalog; path = Assets.xcassets; sourceTree = "<group>"; };
		36EA84BB289D212A0024EA89 /* Preview Assets.xcassets */ = {isa = PBXFileReference; lastKnownFileType = folder.assetcatalog; path = "Preview Assets.xcassets"; sourceTree = "<group>"; };
		36EA84BD289D212A0024EA89 /* Persistence.swift */ = {isa = PBXFileReference; lastKnownFileType = sourcecode.swift; path = Persistence.swift; sourceTree = "<group>"; };
		36EA84C0289D212A0024EA89 /* AddTaskCoredata.xcdatamodel */ = {isa = PBXFileReference; lastKnownFileType = wrapper.xcdatamodel; path = AddTaskCoredata.xcdatamodel; sourceTree = "<group>"; };
		36EA84C7289D7BCC0024EA89 /* Activities+CoreDataClass.swift */ = {isa = PBXFileReference; lastKnownFileType = sourcecode.swift; path = "Activities+CoreDataClass.swift"; sourceTree = "<group>"; };
		36EA84C8289D7BCC0024EA89 /* Activities+CoreDataProperties.swift */ = {isa = PBXFileReference; lastKnownFileType = sourcecode.swift; path = "Activities+CoreDataProperties.swift"; sourceTree = "<group>"; };
/* End PBXFileReference section */

/* Begin PBXFrameworksBuildPhase section */
		36EA84AE289D21280024EA89 /* Frameworks */ = {
			isa = PBXFrameworksBuildPhase;
			buildActionMask = 2147483647;
			files = (
			);
			runOnlyForDeploymentPostprocessing = 0;
		};
/* End PBXFrameworksBuildPhase section */

/* Begin PBXGroup section */
		36EA84A8289D21280024EA89 = {
			isa = PBXGroup;
			children = (
				36EA84C7289D7BCC0024EA89 /* Activities+CoreDataClass.swift */,
				36EA84C8289D7BCC0024EA89 /* Activities+CoreDataProperties.swift */,
				36EA84B3289D21280024EA89 /* AddTaskCoredata */,
				36EA84B2289D21280024EA89 /* Products */,
			);
			sourceTree = "<group>";
		};
		36EA84B2289D21280024EA89 /* Products */ = {
			isa = PBXGroup;
			children = (
				36EA84B1289D21280024EA89 /* AddTaskCoredata.app */,
			);
			name = Products;
			sourceTree = "<group>";
		};
		36EA84B3289D21280024EA89 /* AddTaskCoredata */ = {
			isa = PBXGroup;
			children = (
				36EA84B4289D21280024EA89 /* AddTaskCoredataApp.swift */,
				36EA84B6289D21280024EA89 /* ContentView.swift */,
				3628AF6E289FF9C500F95C07 /* ActivityPreviewPage.swift */,
				3628AF70289FFAD800F95C07 /* AddActivityPage.swift */,
				36EA84B8289D212A0024EA89 /* Assets.xcassets */,
				36EA84BD289D212A0024EA89 /* Persistence.swift */,
				36EA84BF289D212A0024EA89 /* AddTaskCoredata.xcdatamodeld */,
				36EA84BA289D212A0024EA89 /* Preview Content */,
			);
			path = AddTaskCoredata;
			sourceTree = "<group>";
		};
		36EA84BA289D212A0024EA89 /* Preview Content */ = {
			isa = PBXGroup;
			children = (
				36EA84BB289D212A0024EA89 /* Preview Assets.xcassets */,
			);
			path = "Preview Content";
			sourceTree = "<group>";
		};
/* End PBXGroup section */

/* Begin PBXNativeTarget section */
		36EA84B0289D21280024EA89 /* AddTaskCoredata */ = {
			isa = PBXNativeTarget;
			buildConfigurationList = 36EA84C4289D212A0024EA89 /* Build configuration list for PBXNativeTarget "AddTaskCoredata" */;
			buildPhases = (
				36EA84AD289D21280024EA89 /* Sources */,
				36EA84AE289D21280024EA89 /* Frameworks */,
				36EA84AF289D21280024EA89 /* Resources */,
			);
			buildRules = (
			);
			dependencies = (
			);
			name = AddTaskCoredata;
			productName = AddTaskCoredata;
			productReference = 36EA84B1289D21280024EA89 /* AddTaskCoredata.app */;
			productType = "com.apple.product-type.application";
		};
/* End PBXNativeTarget section */

/* Begin PBXProject section */
		36EA84A9289D21280024EA89 /* Project object */ = {
			isa = PBXProject;
			attributes = {
				BuildIndependentTargetsInParallel = 1;
				LastSwiftUpdateCheck = 1340;
				LastUpgradeCheck = 1340;
				TargetAttributes = {
					36EA84B0289D21280024EA89 = {
						CreatedOnToolsVersion = 13.4.1;
					};
				};
			};
			buildConfigurationList = 36EA84AC289D21280024EA89 /* Build configuration list for PBXProject "AddTaskCoredata" */;
			compatibilityVersion = "Xcode 13.0";
			developmentRegion = en;
			hasScannedForEncodings = 0;
			knownRegions = (
				en,
				Base,
			);
			mainGroup = 36EA84A8289D21280024EA89;
			productRefGroup = 36EA84B2289D21280024EA89 /* Products */;
			projectDirPath = "";
			projectRoot = "";
			targets = (
				36EA84B0289D21280024EA89 /* AddTaskCoredata */,
			);
		};
/* End PBXProject section */

/* Begin PBXResourcesBuildPhase section */
		36EA84AF289D21280024EA89 /* Resources */ = {
			isa = PBXResourcesBuildPhase;
			buildActionMask = 2147483647;
			files = (
				36EA84BC289D212A0024EA89 /* Preview Assets.xcassets in Resources */,
				36EA84B9289D212A0024EA89 /* Assets.xcassets in Resources */,
			);
			runOnlyForDeploymentPostprocessing = 0;
		};
/* End PBXResourcesBuildPhase section */

/* Begin PBXSourcesBuildPhase section */
		36EA84AD289D21280024EA89 /* Sources */ = {
			isa = PBXSourcesBuildPhase;
			buildActionMask = 2147483647;
			files = (
				3628AF6F289FF9C500F95C07 /* ActivityPreviewPage.swift in Sources */,
				36EA84BE289D212A0024EA89 /* Persistence.swift in Sources */,
				36EA84B7289D21280024EA89 /* ContentView.swift in Sources */,
				3628AF71289FFAD800F95C07 /* AddActivityPage.swift in Sources */,
				36EA84B5289D21280024EA89 /* AddTaskCoredataApp.swift in Sources */,
				36EA84C9289D7BCC0024EA89 /* Activities+CoreDataClass.swift in Sources */,
				36EA84CA289D7BCC0024EA89 /* Activities+CoreDataProperties.swift in Sources */,
				36EA84C1289D212A0024EA89 /* AddTaskCoredata.xcdatamodeld in Sources */,
			);
			runOnlyForDeploymentPostprocessing = 0;
		};
/* End PBXSourcesBuildPhase section */

/* Begin XCBuildConfiguration section */
		36EA84C2289D212A0024EA89 /* Debug */ = {
			isa = XCBuildConfiguration;
			buildSettings = {
				ALWAYS_SEARCH_USER_PATHS = NO;
				CLANG_ANALYZER_NONNULL = YES;
				CLANG_ANALYZER_NUMBER_OBJECT_CONVERSION = YES_AGGRESSIVE;
				CLANG_CXX_LANGUAGE_STANDARD = "gnu++17";
				CLANG_ENABLE_MODULES = YES;
				CLANG_ENABLE_OBJC_ARC = YES;
				CLANG_ENABLE_OBJC_WEAK = YES;
				CLANG_WARN_BLOCK_CAPTURE_AUTORELEASING = YES;
				CLANG_WARN_BOOL_CONVERSION = YES;
				CLANG_WARN_COMMA = YES;
				CLANG_WARN_CONSTANT_CONVERSION = YES;
				CLANG_WARN_DEPRECATED_OBJC_IMPLEMENTATIONS = YES;
				CLANG_WARN_DIRECT_OBJC_ISA_USAGE = YES_ERROR;
				CLANG_WARN_DOCUMENTATION_COMMENTS = YES;
				CLANG_WARN_EMPTY_BODY = YES;
				CLANG_WARN_ENUM_CONVERSION = YES;
				CLANG_WARN_INFINITE_RECURSION = YES;
				CLANG_WARN_INT_CONVERSION = YES;
				CLANG_WARN_NON_LITERAL_NULL_CONVERSION = YES;
				CLANG_WARN_OBJC_IMPLICIT_RETAIN_SELF = YES;
				CLANG_WARN_OBJC_LITERAL_CONVERSION = YES;
				CLANG_WARN_OBJC_ROOT_CLASS = YES_ERROR;
				CLANG_WARN_QUOTED_INCLUDE_IN_FRAMEWORK_HEADER = YES;
				CLANG_WARN_RANGE_LOOP_ANALYSIS = YES;
				CLANG_WARN_STRICT_PROTOTYPES = YES;
				CLANG_WARN_SUSPICIOUS_MOVE = YES;
				CLANG_WARN_UNGUARDED_AVAILABILITY = YES_AGGRESSIVE;
				CLANG_WARN_UNREACHABLE_CODE = YES;
				CLANG_WARN__DUPLICATE_METHOD_MATCH = YES;
				COPY_PHASE_STRIP = NO;
				DEBUG_INFORMATION_FORMAT = dwarf;
				ENABLE_STRICT_OBJC_MSGSEND = YES;
				ENABLE_TESTABILITY = YES;
				GCC_C_LANGUAGE_STANDARD = gnu11;
				GCC_DYNAMIC_NO_PIC = NO;
				GCC_NO_COMMON_BLOCKS = YES;
				GCC_OPTIMIZATION_LEVEL = 0;
				GCC_PREPROCESSOR_DEFINITIONS = (
					"DEBUG=1",
					"$(inherited)",
				);
				GCC_WARN_64_TO_32_BIT_CONVERSION = YES;
				GCC_WARN_ABOUT_RETURN_TYPE = YES_ERROR;
				GCC_WARN_UNDECLARED_SELECTOR = YES;
				GCC_WARN_UNINITIALIZED_AUTOS = YES_AGGRESSIVE;
				GCC_WARN_UNUSED_FUNCTION = YES;
				GCC_WARN_UNUSED_VARIABLE = YES;
				IPHONEOS_DEPLOYMENT_TARGET = 15.5;
				MTL_ENABLE_DEBUG_INFO = INCLUDE_SOURCE;
				MTL_FAST_MATH = YES;
				ONLY_ACTIVE_ARCH = YES;
				SDKROOT = iphoneos;
				SWIFT_ACTIVE_COMPILATION_CONDITIONS = DEBUG;
				SWIFT_OPTIMIZATION_LEVEL = "-Onone";
			};
			name = Debug;
		};
		36EA84C3289D212A0024EA89 /* Release */ = {
			isa = XCBuildConfiguration;
			buildSettings = {
				ALWAYS_SEARCH_USER_PATHS = NO;
				CLANG_ANALYZER_NONNULL = YES;
				CLANG_ANALYZER_NUMBER_OBJECT_CONVERSION = YES_AGGRESSIVE;
				CLANG_CXX_LANGUAGE_STANDARD = "gnu++17";
				CLANG_ENABLE_MODULES = YES;
				CLANG_ENABLE_OBJC_ARC = YES;
				CLANG_ENABLE_OBJC_WEAK = YES;
				CLANG_WARN_BLOCK_CAPTURE_AUTORELEASING = YES;
				CLANG_WARN_BOOL_CONVERSION = YES;
				CLANG_WARN_COMMA = YES;
				CLANG_WARN_CONSTANT_CONVERSION = YES;
				CLANG_WARN_DEPRECATED_OBJC_IMPLEMENTATIONS = YES;
				CLANG_WARN_DIRECT_OBJC_ISA_USAGE = YES_ERROR;
				CLANG_WARN_DOCUMENTATION_COMMENTS = YES;
				CLANG_WARN_EMPTY_BODY = YES;
				CLANG_WARN_ENUM_CONVERSION = YES;
				CLANG_WARN_INFINITE_RECURSION = YES;
				CLANG_WARN_INT_CONVERSION = YES;
				CLANG_WARN_NON_LITERAL_NULL_CONVERSION = YES;
				CLANG_WARN_OBJC_IMPLICIT_RETAIN_SELF = YES;
				CLANG_WARN_OBJC_LITERAL_CONVERSION = YES;
				CLANG_WARN_OBJC_ROOT_CLASS = YES_ERROR;
				CLANG_WARN_QUOTED_INCLUDE_IN_FRAMEWORK_HEADER = YES;
				CLANG_WARN_RANGE_LOOP_ANALYSIS = YES;
				CLANG_WARN_STRICT_PROTOTYPES = YES;
				CLANG_WARN_SUSPICIOUS_MOVE = YES;
				CLANG_WARN_UNGUARDED_AVAILABILITY = YES_AGGRESSIVE;
				CLANG_WARN_UNREACHABLE_CODE = YES;
				CLANG_WARN__DUPLICATE_METHOD_MATCH = YES;
				COPY_PHASE_STRIP = NO;
				DEBUG_INFORMATION_FORMAT = "dwarf-with-dsym";
				ENABLE_NS_ASSERTIONS = NO;
				ENABLE_STRICT_OBJC_MSGSEND = YES;
				GCC_C_LANGUAGE_STANDARD = gnu11;
				GCC_NO_COMMON_BLOCKS = YES;
				GCC_WARN_64_TO_32_BIT_CONVERSION = YES;
				GCC_WARN_ABOUT_RETURN_TYPE = YES_ERROR;
				GCC_WARN_UNDECLARED_SELECTOR = YES;
				GCC_WARN_UNINITIALIZED_AUTOS = YES_AGGRESSIVE;
				GCC_WARN_UNUSED_FUNCTION = YES;
				GCC_WARN_UNUSED_VARIABLE = YES;
				IPHONEOS_DEPLOYMENT_TARGET = 15.5;
				MTL_ENABLE_DEBUG_INFO = NO;
				MTL_FAST_MATH = YES;
				SDKROOT = iphoneos;
				SWIFT_COMPILATION_MODE = wholemodule;
				SWIFT_OPTIMIZATION_LEVEL = "-O";
				VALIDATE_PRODUCT = YES;
			};
			name = Release;
		};
		36EA84C5289D212A0024EA89 /* Debug */ = {
			isa = XCBuildConfiguration;
			buildSettings = {
				ASSETCATALOG_COMPILER_APPICON_NAME = AppIcon;
				ASSETCATALOG_COMPILER_GLOBAL_ACCENT_COLOR_NAME = AccentColor;
				CODE_SIGN_STYLE = Automatic;
				CURRENT_PROJECT_VERSION = 1;
				DEVELOPMENT_ASSET_PATHS = "\"AddTaskCoredata/Preview Content\"";
				DEVELOPMENT_TEAM = 7K7552J4N4;
				ENABLE_PREVIEWS = YES;
				GENERATE_INFOPLIST_FILE = YES;
				INFOPLIST_KEY_UIApplicationSceneManifest_Generation = YES;
				INFOPLIST_KEY_UIApplicationSupportsIndirectInputEvents = YES;
				INFOPLIST_KEY_UILaunchScreen_Generation = YES;
				INFOPLIST_KEY_UISupportedInterfaceOrientations_iPad = "UIInterfaceOrientationPortrait UIInterfaceOrientationPortraitUpsideDown UIInterfaceOrientationLandscapeLeft UIInterfaceOrientationLandscapeRight";
				INFOPLIST_KEY_UISupportedInterfaceOrientations_iPhone = "UIInterfaceOrientationPortrait UIInterfaceOrientationLandscapeLeft UIInterfaceOrientationLandscapeRight";
				LD_RUNPATH_SEARCH_PATHS = (
					"$(inherited)",
					"@executable_path/Frameworks",
				);
				MARKETING_VERSION = 1.0;
				PRODUCT_BUNDLE_IDENTIFIER = com.adamfiadi.AddTaskCoredata;
				PRODUCT_NAME = "$(TARGET_NAME)";
				SWIFT_EMIT_LOC_STRINGS = YES;
				SWIFT_VERSION = 5.0;
				TARGETED_DEVICE_FAMILY = "1,2";
			};
			name = Debug;
		};
		36EA84C6289D212A0024EA89 /* Release */ = {
			isa = XCBuildConfiguration;
			buildSettings = {
				ASSETCATALOG_COMPILER_APPICON_NAME = AppIcon;
				ASSETCATALOG_COMPILER_GLOBAL_ACCENT_COLOR_NAME = AccentColor;
				CODE_SIGN_STYLE = Automatic;
				CURRENT_PROJECT_VERSION = 1;
				DEVELOPMENT_ASSET_PATHS = "\"AddTaskCoredata/Preview Content\"";
				DEVELOPMENT_TEAM = 7K7552J4N4;
				ENABLE_PREVIEWS = YES;
				GENERATE_INFOPLIST_FILE = YES;
				INFOPLIST_KEY_UIApplicationSceneManifest_Generation = YES;
				INFOPLIST_KEY_UIApplicationSupportsIndirectInputEvents = YES;
				INFOPLIST_KEY_UILaunchScreen_Generation = YES;
				INFOPLIST_KEY_UISupportedInterfaceOrientations_iPad = "UIInterfaceOrientationPortrait UIInterfaceOrientationPortraitUpsideDown UIInterfaceOrientationLandscapeLeft UIInterfaceOrientationLandscapeRight";
				INFOPLIST_KEY_UISupportedInterfaceOrientations_iPhone = "UIInterfaceOrientationPortrait UIInterfaceOrientationLandscapeLeft UIInterfaceOrientationLandscapeRight";
				LD_RUNPATH_SEARCH_PATHS = (
					"$(inherited)",
					"@executable_path/Frameworks",
				);
				MARKETING_VERSION = 1.0;
				PRODUCT_BUNDLE_IDENTIFIER = com.adamfiadi.AddTaskCoredata;
				PRODUCT_NAME = "$(TARGET_NAME)";
				SWIFT_EMIT_LOC_STRINGS = YES;
				SWIFT_VERSION = 5.0;
				TARGETED_DEVICE_FAMILY = "1,2";
			};
			name = Release;
		};
/* End XCBuildConfiguration section */

/* Begin XCConfigurationList section */
		36EA84AC289D21280024EA89 /* Build configuration list for PBXProject "AddTaskCoredata" */ = {
			isa = XCConfigurationList;
			buildConfigurations = (
				36EA84C2289D212A0024EA89 /* Debug */,
				36EA84C3289D212A0024EA89 /* Release */,
			);
			defaultConfigurationIsVisible = 0;
			defaultConfigurationName = Release;
		};
		36EA84C4289D212A0024EA89 /* Build configuration list for PBXNativeTarget "AddTaskCoredata" */ = {
			isa = XCConfigurationList;
			buildConfigurations = (
				36EA84C5289D212A0024EA89 /* Debug */,
				36EA84C6289D212A0024EA89 /* Release */,
			);
			defaultConfigurationIsVisible = 0;
			defaultConfigurationName = Release;
		};
/* End XCConfigurationList section */

/* Begin XCVersionGroup section */
		36EA84BF289D212A0024EA89 /* AddTaskCoredata.xcdatamodeld */ = {
			isa = XCVersionGroup;
			children = (
				36EA84C0289D212A0024EA89 /* AddTaskCoredata.xcdatamodel */,
			);
			currentVersion = 36EA84C0289D212A0024EA89 /* AddTaskCoredata.xcdatamodel */;
			path = AddTaskCoredata.xcdatamodeld;
			sourceTree = "<group>";
			versionGroupType = wrapper.xcdatamodel;
		};
/* End XCVersionGroup section */
	};
	rootObject = 36EA84A9289D21280024EA89 /* Project object */;
}
